Microsoft Visual Studio Solution File, Format Version 12.00
# Visual Studio Version 17
VisualStudioVersion = 17.5.2.0
MinimumVisualStudioVersion = 10.0.40219.1
Project("{FAE04EC0-301F-11D3-BF4B-00C04F79EFBC}") = "user-profile-api", "user-profile-api.csproj", "{7AFAE410-99E2-2B78-972B-2347DB4FFA1C}"
EndProject
Global
	GlobalSection(SolutionConfigurationPlatforms) = preSolution
		Debug|Any CPU = Debug|Any CPU
		Release|Any CPU = Release|Any CPU
	EndGlobalSection
	GlobalSection(ProjectConfigurationPlatforms) = postSolution
		{7AFAE410-99E2-2B78-972B-2347DB4FFA1C}.Debug|Any CPU.ActiveCfg = Debug|Any CPU
		{7AFAE410-99E2-2B78-972B-2347DB4FFA1C}.Debug|Any CPU.Build.0 = Debug|Any CPU
		{7AFAE410-99E2-2B78-972B-2347DB4FFA1C}.Release|Any CPU.ActiveCfg = Release|Any CPU
		{7AFAE410-99E2-2B78-972B-2347DB4FFA1C}.Release|Any CPU.Build.0 = Release|Any CPU
	EndGlobalSection
	GlobalSection(SolutionProperties) = preSolution
		HideSolutionNode = FALSE
	EndGlobalSection
	GlobalSection(ExtensibilityGlobals) = postSolution
		SolutionGuid = {CE9D2B3B-7E43-4BF1-9E49-B7599DF38222}
	EndGlobalSection
EndGlobal
